// !$*UTF8*$!
{
	archiveVersion = 1;
	classes = {
	};
	objectVersion = 77;
	objects = {

/* Begin PBXBuildFile section */
		05E7A7CA016AD8781F41F3DA /* Bend.metal in Sources */ = {isa = PBXBuildFile; fileRef = 8AFF6883209EE39BD2CF5022 /* Bend.metal */; };
		0DE3E854340B863306E64486 /* LidSensor.swift in Sources */ = {isa = PBXBuildFile; fileRef = B9AC90326DF923C6EAB7DEFC /* LidSensor.swift */; };
		1062DED5656BBCB86929EE11 /* UpdateController.swift in Sources */ = {isa = PBXBuildFile; fileRef = 7A96BFD2679DB4389831EEBF /* UpdateController.swift */; };
		1DC0144DFF74690CA70F5BF8 /* AppModel.swift in Sources */ = {isa = PBXBuildFile; fileRef = 993D83A0B873AB93D46B0483 /* AppModel.swift */; };
		33A8A26FCF44F81F775E8A1A /* Entry.swift in Sources */ = {isa = PBXBuildFile; fileRef = B6D1816F70582CFF032CBDB3 /* Entry.swift */; };
		37FFC175B195D8F9925A572D /* DesktopCapture.swift in Sources */ = {isa = PBXBuildFile; fileRef = 1CAF9215B62CF70F96A13C22 /* DesktopCapture.swift */; };
		3868AED0474D5FBA9DC52E2F /* IOKit.framework in Frameworks */ = {isa = PBXBuildFile; fileRef = 3F7D423B8BBF12ECF6D978C0 /* IOKit.framework */; };
		43FAF554D12EF3B344F8F6AA /* MetalKit.framework in Frameworks */ = {isa = PBXBuildFile; fileRef = 3934019B3559FCC9DCCADB1F /* MetalKit.framework */; };
		477629B3A06A941A1F8158B4 /* AppKit.framework in Frameworks */ = {isa = PBXBuildFile; fileRef = 2B97CA6CED8030F620E638D2 /* AppKit.framework */; };
		95C0272BC3C083DA4425DE99 /* ScreenCaptureKit.framework in Frameworks */ = {isa = PBXBuildFile; fileRef = DC485B35AC7BA11643B3440E /* ScreenCaptureKit.framework */; };
		9FC6BE3BCCEC6241542235CD /* Sparkle in Frameworks */ = {isa = PBXBuildFile; productRef = C695F94A8B6820B659F1032E /* Sparkle */; };
		A194A6E7774465A848E45AAA /* AppIcon.icns in Resources */ = {isa = PBXBuildFile; fileRef = 337315396A369B2B585B1DEA /* AppIcon.icns */; };
		D515515E736B9FD0EF35911E /* BendMath.swift in Sources */ = {isa = PBXBuildFile; fileRef = 203595E140FAA5F91D4D32F4 /* BendMath.swift */; };
		D59C3CDF8904738464E1B434 /* SettingsView.swift in Sources */ = {isa = PBXBuildFile; fileRef = 426B23998F6D6AAF23776C0A /* SettingsView.swift */; };
		DA962A0AFF0474D094D48ABC /* Renderer.swift in Sources */ = {isa = PBXBuildFile; fileRef = 8FB7E607F5BA81FA205DE475 /* Renderer.swift */; };
		EE8FED12B563F96395B4E9E3 /* Carbon.framework in Frameworks */ = {isa = PBXBuildFile; fileRef = BAB4A73B639EB6B962774A5B /* Carbon.framework */; };
/* End PBXBuildFile section */

/* Begin PBXFileReference section */
		0A0966622081413289C75775 /* BendMac.entitlements */ = {isa = PBXFileReference; lastKnownFileType = text.plist.entitlements; path = BendMac.entitlements; sourceTree = "<group>"; };
		1CAF9215B62CF70F96A13C22 /* DesktopCapture.swift */ = {isa = PBXFileReference; lastKnownFileType = sourcecode.swift; path = DesktopCapture.swift; sourceTree = "<group>"; };
		203595E140FAA5F91D4D32F4 /* BendMath.swift */ = {isa = PBXFileReference; lastKnownFileType = sourcecode.swift; path = BendMath.swift; sourceTree = "<group>"; };
		2B97CA6CED8030F620E638D2 /* AppKit.framework */ = {isa = PBXFileReference; lastKnownFileType = wrapper.framework; name = AppKit.framework; path = System/Library/Frameworks/AppKit.framework; sourceTree = SDKROOT; };
		337315396A369B2B585B1DEA /* AppIcon.icns */ = {isa = PBXFileReference; lastKnownFileType = image.icns; path = AppIcon.icns; sourceTree = "<group>"; };
		36C958280C779A6B08F626F9 /* Info.plist */ = {isa = PBXFileReference; lastKnownFileType = text.plist; path = Info.plist; sourceTree = "<group>"; };
		3934019B3559FCC9DCCADB1F /* MetalKit.framework */ = {isa = PBXFileReference; lastKnownFileType = wrapper.framework; name = MetalKit.framework; path = System/Library/Frameworks/MetalKit.framework; sourceTree = SDKROOT; };
		3F7D423B8BBF12ECF6D978C0 /* IOKit.framework */ = {isa = PBXFileReference; lastKnownFileType = wrapper.framework; name = IOKit.framework; path = System/Library/Frameworks/IOKit.framework; sourceTree = SDKROOT; };
		426B23998F6D6AAF23776C0A /* SettingsView.swift */ = {isa = PBXFileReference; lastKnownFileType = sourcecode.swift; path = SettingsView.swift; sourceTree = "<group>"; };
		7A96BFD2679DB4389831EEBF /* UpdateController.swift */ = {isa = PBXFileReference; lastKnownFileType = sourcecode.swift; path = UpdateController.swift; sourceTree = "<group>"; };
		8AFF6883209EE39BD2CF5022 /* Bend.metal */ = {isa = PBXFileReference; lastKnownFileType = sourcecode.metal; path = Bend.metal; sourceTree = "<group>"; };
		8FB7E607F5BA81FA205DE475 /* Renderer.swift */ = {isa = PBXFileReference; lastKnownFileType = sourcecode.swift; path = Renderer.swift; sourceTree = "<group>"; };
		993D83A0B873AB93D46B0483 /* AppModel.swift */ = {isa = PBXFileReference; lastKnownFileType = sourcecode.swift; path = AppModel.swift; sourceTree = "<group>"; };
		B6D1816F70582CFF032CBDB3 /* Entry.swift */ = {isa = PBXFileReference; lastKnownFileType = sourcecode.swift; path = Entry.swift; sourceTree = "<group>"; };
		B9AC90326DF923C6EAB7DEFC /* LidSensor.swift */ = {isa = PBXFileReference; lastKnownFileType = sourcecode.swift; path = LidSensor.swift; sourceTree = "<group>"; };
		BAB4A73B639EB6B962774A5B /* Carbon.framework */ = {isa = PBXFileReference; lastKnownFileType = wrapper.framework; name = Carbon.framework; path = System/Library/Frameworks/Carbon.framework; sourceTree = SDKROOT; };
		DC485B35AC7BA11643B3440E /* ScreenCaptureKit.framework */ = {isa = PBXFileReference; lastKnownFileType = wrapper.framework; name = ScreenCaptureKit.framework; path = System/Library/Frameworks/ScreenCaptureKit.framework; sourceTree = SDKROOT; };
		ED4D890DE57AAFD5A818A284 /* BendMac.app */ = {isa = PBXFileReference; explicitFileType = wrapper.application; includeInIndex = 0; path = BendMac.app; sourceTree = BUILT_PRODUCTS_DIR; };
/* End PBXFileReference section */

/* Begin PBXFrameworksBuildPhase section */
		AF4CE77B963D55C4E0078FB9 /* Frameworks */ = {
			isa = PBXFrameworksBuildPhase;
			buildActionMask = 2147483647;
			files = (
				9FC6BE3BCCEC6241542235CD /* Sparkle in Frameworks */,
				477629B3A06A941A1F8158B4 /* AppKit.framework in Frameworks */,
				95C0272BC3C083DA4425DE99 /* ScreenCaptureKit.framework in Frameworks */,
				43FAF554D12EF3B344F8F6AA /* MetalKit.framework in Frameworks */,
				3868AED0474D5FBA9DC52E2F /* IOKit.framework in Frameworks */,
				EE8FED12B563F96395B4E9E3 /* Carbon.framework in Frameworks */,
			);
			runOnlyForDeploymentPostprocessing = 0;
		};
/* End PBXFrameworksBuildPhase section */

/* Begin PBXGroup section */
		1F9D5A5230DFFE13BEFE4C2B = {
			isa = PBXGroup;
			children = (
				C208E0D11813D1717161D6D8 /* BendMac */,
				37AEA49F85A1C09F5158FAF3 /* Frameworks */,
				4C888D888A87958B85875AA7 /* Products */,
			);
			sourceTree = "<group>";
		};
		37AEA49F85A1C09F5158FAF3 /* Frameworks */ = {
			isa = PBXGroup;
			children = (
				2B97CA6CED8030F620E638D2 /* AppKit.framework */,
				BAB4A73B639EB6B962774A5B /* Carbon.framework */,
				3F7D423B8BBF12ECF6D978C0 /* IOKit.framework */,
				3934019B3559FCC9DCCADB1F /* MetalKit.framework */,
				DC485B35AC7BA11643B3440E /* ScreenCaptureKit.framework */,
			);
			name = Frameworks;
			sourceTree = "<group>";
		};
		4C888D888A87958B85875AA7 /* Products */ = {
			isa = PBXGroup;
			children = (
				ED4D890DE57AAFD5A818A284 /* BendMac.app */,
			);
			name = Products;
			sourceTree = "<group>";
		};
		C208E0D11813D1717161D6D8 /* BendMac */ = {
			isa = PBXGroup;
			children = (
				337315396A369B2B585B1DEA /* AppIcon.icns */,
				993D83A0B873AB93D46B0483 /* AppModel.swift */,
				8AFF6883209EE39BD2CF5022 /* Bend.metal */,
				0A0966622081413289C75775 /* BendMac.entitlements */,
				203595E140FAA5F91D4D32F4 /* BendMath.swift */,
				1CAF9215B62CF70F96A13C22 /* DesktopCapture.swift */,
				B6D1816F70582CFF032CBDB3 /* Entry.swift */,
				36C958280C779A6B08F626F9 /* Info.plist */,
				B9AC90326DF923C6EAB7DEFC /* LidSensor.swift */,
				8FB7E607F5BA81FA205DE475 /* Renderer.swift */,
				426B23998F6D6AAF23776C0A /* SettingsView.swift */,
				7A96BFD2679DB4389831EEBF /* UpdateController.swift */,
			);
			path = BendMac;
			sourceTree = "<group>";
		};
/* End PBXGroup section */

/* Begin PBXNativeTarget section */
		0A5CFFDBDB096A6354FE5C1D /* BendMac */ = {
			isa = PBXNativeTarget;
			buildConfigurationList = 3D969AA927F54A9A3392CC27 /* Build configuration list for PBXNativeTarget "BendMac" */;
			buildPhases = (
				20F75B2638893C0DC89BE992 /* Sources */,
				833FD97BAB0784D5EB20B95A /* Resources */,
				AF4CE77B963D55C4E0078FB9 /* Frameworks */,
			);
			buildRules = (
			);
			dependencies = (
			);
			name = BendMac;
			packageProductDependencies = (
				C695F94A8B6820B659F1032E /* Sparkle */,
			);
			productName = BendMac;
			productReference = ED4D890DE57AAFD5A818A284 /* BendMac.app */;
			productType = "com.apple.product-type.application";
		};
/* End PBXNativeTarget section */

/* Begin PBXProject section */
		4C625F9A3757CD8FFB0C8861 /* Project object */ = {
			isa = PBXProject;
			attributes = {
				BuildIndependentTargetsInParallel = YES;
				LastUpgradeCheck = 1430;
				TargetAttributes = {
					0A5CFFDBDB096A6354FE5C1D = {
						ProvisioningStyle = Manual;
					};
				};
			};
			buildConfigurationList = 4D7559DDB8F583D5334C8019 /* Build configuration list for PBXProject "BendMac" */;
			developmentRegion = en;
			hasScannedForEncodings = 0;
			knownRegions = (
				Base,
				en,
			);
			mainGroup = 1F9D5A5230DFFE13BEFE4C2B;
			minimizedProjectReferenceProxies = 1;
			packageReferences = (
				E1F792380CF171EC58AB605E /* XCRemoteSwiftPackageReference "Sparkle" */,
			);
			preferredProjectObjectVersion = 77;
			productRefGroup = 4C888D888A87958B85875AA7 /* Products */;
			projectDirPath = "";
			projectRoot = "";
			targets = (
				0A5CFFDBDB096A6354FE5C1D /* BendMac */,
			);
		};
/* End PBXProject section */

/* Begin PBXResourcesBuildPhase section */
		833FD97BAB0784D5EB20B95A /* Resources */ = {
			isa = PBXResourcesBuildPhase;
			buildActionMask = 2147483647;
			files = (
				A194A6E7774465A848E45AAA /* AppIcon.icns in Resources */,
			);
			runOnlyForDeploymentPostprocessing = 0;
		};
/* End PBXResourcesBuildPhase section */

/* Begin PBXSourcesBuildPhase section */
		20F75B2638893C0DC89BE992 /* Sources */ = {
			isa = PBXSourcesBuildPhase;
			buildActionMask = 2147483647;
			files = (
				1DC0144DFF74690CA70F5BF8 /* AppModel.swift in Sources */,
				05E7A7CA016AD8781F41F3DA /* Bend.metal in Sources */,
				D515515E736B9FD0EF35911E /* BendMath.swift in Sources */,
				37FFC175B195D8F9925A572D /* DesktopCapture.swift in Sources */,
				33A8A26FCF44F81F775E8A1A /* Entry.swift in Sources */,
				0DE3E854340B863306E64486 /* LidSensor.swift in Sources */,
				DA962A0AFF0474D094D48ABC /* Renderer.swift in Sources */,
				D59C3CDF8904738464E1B434 /* SettingsView.swift in Sources */,
				1062DED5656BBCB86929EE11 /* UpdateController.swift in Sources */,
			);
			runOnlyForDeploymentPostprocessing = 0;
		};
/* End PBXSourcesBuildPhase section */

/* Begin XCBuildConfiguration section */
		0A9073A49B7E6A234162E0AE /* Release */ = {
			isa = XCBuildConfiguration;
			buildSettings = {
				ASSETCATALOG_COMPILER_APPICON_NAME = AppIcon;
				CODE_SIGN_ENTITLEMENTS = BendMac/BendMac.entitlements;
				COMBINE_HIDPI_IMAGES = YES;
				CURRENT_PROJECT_VERSION = 12;
				GENERATE_INFOPLIST_FILE = YES;
				INFOPLIST_FILE = BendMac/Info.plist;
				INFOPLIST_KEY_CFBundleDisplayName = BendMac;
				INFOPLIST_KEY_CFBundleIconFile = AppIcon;
				INFOPLIST_KEY_LSApplicationCategoryType = "public.app-category.utilities";
				INFOPLIST_KEY_LSUIElement = YES;
				INFOPLIST_KEY_NSHumanReadableCopyright = "Copyright 2026 BendMac contributors. MIT License.";
				LD_RUNPATH_SEARCH_PATHS = (
					"$(inherited)",
					"@executable_path/../Frameworks",
				);
				MARKETING_VERSION = 0.4.8;
				PRODUCT_BUNDLE_IDENTIFIER = local.jamie.BendMac;
				SDKROOT = macosx;
			};
			name = Release;
		};
		4B91EE540C22C7282A2BDA43 /* Release */ = {
			isa = XCBuildConfiguration;
			buildSettings = {
				ALWAYS_SEARCH_USER_PATHS = NO;
				CLANG_ANALYZER_NONNULL = YES;
				CLANG_ANALYZER_NUMBER_OBJECT_CONVERSION = YES_AGGRESSIVE;
				CLANG_CXX_LANGUAGE_STANDARD = "gnu++14";
				CLANG_CXX_LIBRARY = "libc++";
				CLANG_ENABLE_MODULES = YES;
				CLANG_ENABLE_OBJC_ARC = YES;
				CLANG_ENABLE_OBJC_WEAK = YES;
				CLANG_WARN_BLOCK_CAPTURE_AUTORELEASING = YES;
				CLANG_WARN_BOOL_CONVERSION = YES;
				CLANG_WARN_COMMA = YES;
				CLANG_WARN_CONSTANT_CONVERSION = YES;
				CLANG_WARN_DEPRECATED_OBJC_IMPLEMENTATIONS = YES;
				CLANG_WARN_DIRECT_OBJC_ISA_USAGE = YES_ERROR;
				CLANG_WARN_DOCUMENTATION_COMMENTS = YES;
				CLANG_WARN_EMPTY_BODY = YES;
				CLANG_WARN_ENUM_CONVERSION = YES;
				CLANG_WARN_INFINITE_RECURSION = YES;
				CLANG_WARN_INT_CONVERSION = YES;
				CLANG_WARN_NON_LITERAL_NULL_CONVERSION = YES;
				CLANG_WARN_OBJC_IMPLICIT_RETAIN_SELF = YES;
				CLANG_WARN_OBJC_LITERAL_CONVERSION = YES;
				CLANG_WARN_OBJC_ROOT_CLASS = YES_ERROR;
				CLANG_WARN_QUOTED_INCLUDE_IN_FRAMEWORK_HEADER = YES;
				CLANG_WARN_RANGE_LOOP_ANALYSIS = YES;
				CLANG_WARN_STRICT_PROTOTYPES = YES;
				CLANG_WARN_SUSPICIOUS_MOVE = YES;
				CLANG_WARN_UNGUARDED_AVAILABILITY = YES_AGGRESSIVE;
				CLANG_WARN_UNREACHABLE_CODE = YES;
				CLANG_WARN__DUPLICATE_METHOD_MATCH = YES;
				CODE_SIGN_IDENTITY = "-";
				CODE_SIGN_INJECT_BASE_ENTITLEMENTS = NO;
				CODE_SIGN_STYLE = Manual;
				COPY_PHASE_STRIP = NO;
				DEBUG_INFORMATION_FORMAT = "dwarf-with-dsym";
				ENABLE_HARDENED_RUNTIME = YES;
				ENABLE_NS_ASSERTIONS = NO;
				ENABLE_STRICT_OBJC_MSGSEND = YES;
				GCC_C_LANGUAGE_STANDARD = gnu11;
				GCC_NO_COMMON_BLOCKS = YES;
				GCC_WARN_64_TO_32_BIT_CONVERSION = YES;
				GCC_WARN_ABOUT_RETURN_TYPE = YES_ERROR;
				GCC_WARN_UNDECLARED_SELECTOR = YES;
				GCC_WARN_UNINITIALIZED_AUTOS = YES_AGGRESSIVE;
				GCC_WARN_UNUSED_FUNCTION = YES;
				GCC_WARN_UNUSED_VARIABLE = YES;
				MACOSX_DEPLOYMENT_TARGET = 14.0;
				MTL_ENABLE_DEBUG_INFO = NO;
				MTL_FAST_MATH = YES;
				PRODUCT_NAME = "$(TARGET_NAME)";
				SDKROOT = macosx;
				SWIFT_COMPILATION_MODE = wholemodule;
				SWIFT_OPTIMIZATION_LEVEL = "-O";
				SWIFT_VERSION = 5.0;
			};
			name = Release;
		};
		EF47E50E3BDC4B5722429B06 /* Debug */ = {
			isa = XCBuildConfiguration;
			buildSettings = {
				ALWAYS_SEARCH_USER_PATHS = NO;
				CLANG_ANALYZER_NONNULL = YES;
				CLANG_ANALYZER_NUMBER_OBJECT_CONVERSION = YES_AGGRESSIVE;
				CLANG_CXX_LANGUAGE_STANDARD = "gnu++14";
				CLANG_CXX_LIBRARY = "libc++";
				CLANG_ENABLE_MODULES = YES;
				CLANG_ENABLE_OBJC_ARC = YES;
				CLANG_ENABLE_OBJC_WEAK = YES;
				CLANG_WARN_BLOCK_CAPTURE_AUTORELEASING = YES;
				CLANG_WARN_BOOL_CONVERSION = YES;
				CLANG_WARN_COMMA = YES;
				CLANG_WARN_CONSTANT_CONVERSION = YES;
				CLANG_WARN_DEPRECATED_OBJC_IMPLEMENTATIONS = YES;
				CLANG_WARN_DIRECT_OBJC_ISA_USAGE = YES_ERROR;
				CLANG_WARN_DOCUMENTATION_COMMENTS = YES;
				CLANG_WARN_EMPTY_BODY = YES;
				CLANG_WARN_ENUM_CONVERSION = YES;
				CLANG_WARN_INFINITE_RECURSION = YES;
				CLANG_WARN_INT_CONVERSION = YES;
				CLANG_WARN_NON_LITERAL_NULL_CONVERSION = YES;
				CLANG_WARN_OBJC_IMPLICIT_RETAIN_SELF = YES;
				CLANG_WARN_OBJC_LITERAL_CONVERSION = YES;
				CLANG_WARN_OBJC_ROOT_CLASS = YES_ERROR;
				CLANG_WARN_QUOTED_INCLUDE_IN_FRAMEWORK_HEADER = YES;
				CLANG_WARN_RANGE_LOOP_ANALYSIS = YES;
				CLANG_WARN_STRICT_PROTOTYPES = YES;
				CLANG_WARN_SUSPICIOUS_MOVE = YES;
				CLANG_WARN_UNGUARDED_AVAILABILITY = YES_AGGRESSIVE;
				CLANG_WARN_UNREACHABLE_CODE = YES;
				CLANG_WARN__DUPLICATE_METHOD_MATCH = YES;
				CODE_SIGN_IDENTITY = "-";
				CODE_SIGN_INJECT_BASE_ENTITLEMENTS = NO;
				CODE_SIGN_STYLE = Manual;
				COPY_PHASE_STRIP = NO;
				DEBUG_INFORMATION_FORMAT = dwarf;
				ENABLE_HARDENED_RUNTIME = YES;
				ENABLE_STRICT_OBJC_MSGSEND = YES;
				ENABLE_TESTABILITY = YES;
				GCC_C_LANGUAGE_STANDARD = gnu11;
				GCC_DYNAMIC_NO_PIC = NO;
				GCC_NO_COMMON_BLOCKS = YES;
				GCC_OPTIMIZATION_LEVEL = 0;
				GCC_PREPROCESSOR_DEFINITIONS = (
					"$(inherited)",
					"DEBUG=1",
				);
				GCC_WARN_64_TO_32_BIT_CONVERSION = YES;
				GCC_WARN_ABOUT_RETURN_TYPE = YES_ERROR;
				GCC_WARN_UNDECLARED_SELECTOR = YES;
				GCC_WARN_UNINITIALIZED_AUTOS = YES_AGGRESSIVE;
				GCC_WARN_UNUSED_FUNCTION = YES;
				GCC_WARN_UNUSED_VARIABLE = YES;
				MACOSX_DEPLOYMENT_TARGET = 14.0;
				MTL_ENABLE_DEBUG_INFO = INCLUDE_SOURCE;
				MTL_FAST_MATH = YES;
				ONLY_ACTIVE_ARCH = YES;
				PRODUCT_NAME = "$(TARGET_NAME)";
				SDKROOT = macosx;
				SWIFT_ACTIVE_COMPILATION_CONDITIONS = DEBUG;
				SWIFT_OPTIMIZATION_LEVEL = "-Onone";
				SWIFT_VERSION = 5.0;
			};
			name = Debug;
		};
		F5AC036F698AE4C5366A2F55 /* Debug */ = {
			isa = XCBuildConfiguration;
			buildSettings = {
				ASSETCATALOG_COMPILER_APPICON_NAME = AppIcon;
				CODE_SIGN_ENTITLEMENTS = BendMac/BendMac.entitlements;
				COMBINE_HIDPI_IMAGES = YES;
				CURRENT_PROJECT_VERSION = 12;
				GENERATE_INFOPLIST_FILE = YES;
				INFOPLIST_FILE = BendMac/Info.plist;
				INFOPLIST_KEY_CFBundleDisplayName = BendMac;
				INFOPLIST_KEY_CFBundleIconFile = AppIcon;
				INFOPLIST_KEY_LSApplicationCategoryType = "public.app-category.utilities";
				INFOPLIST_KEY_LSUIElement = YES;
				INFOPLIST_KEY_NSHumanReadableCopyright = "Copyright 2026 BendMac contributors. MIT License.";
				LD_RUNPATH_SEARCH_PATHS = (
					"$(inherited)",
					"@executable_path/../Frameworks",
				);
				MARKETING_VERSION = 0.4.8;
				PRODUCT_BUNDLE_IDENTIFIER = local.jamie.BendMac;
				SDKROOT = macosx;
			};
			name = Debug;
		};
/* End XCBuildConfiguration section */

/* Begin XCConfigurationList section */
		3D969AA927F54A9A3392CC27 /* Build configuration list for PBXNativeTarget "BendMac" */ = {
			isa = XCConfigurationList;
			buildConfigurations = (
				F5AC036F698AE4C5366A2F55 /* Debug */,
				0A9073A49B7E6A234162E0AE /* Release */,
			);
			defaultConfigurationIsVisible = 0;
			defaultConfigurationName = Debug;
		};
		4D7559DDB8F583D5334C8019 /* Build configuration list for PBXProject "BendMac" */ = {
			isa = XCConfigurationList;
			buildConfigurations = (
				EF47E50E3BDC4B5722429B06 /* Debug */,
				4B91EE540C22C7282A2BDA43 /* Release */,
			);
			defaultConfigurationIsVisible = 0;
			defaultConfigurationName = Debug;
		};
/* End XCConfigurationList section */

/* Begin XCRemoteSwiftPackageReference section */
		E1F792380CF171EC58AB605E /* XCRemoteSwiftPackageReference "Sparkle" */ = {
			isa = XCRemoteSwiftPackageReference;
			repositoryURL = "https://github.com/sparkle-project/Sparkle";
			requirement = {
				kind = exactVersion;
				version = 2.9.6;
			};
		};
/* End XCRemoteSwiftPackageReference section */

/* Begin XCSwiftPackageProductDependency section */
		C695F94A8B6820B659F1032E /* Sparkle */ = {
			isa = XCSwiftPackageProductDependency;
			package = E1F792380CF171EC58AB605E /* XCRemoteSwiftPackageReference "Sparkle" */;
			productName = Sparkle;
		};
/* End XCSwiftPackageProductDependency section */
	};
	rootObject = 4C625F9A3757CD8FFB0C8861 /* Project object */;
}
